<?xml version="1.0" encoding="utf-8"?>
<Project ToolsVersion="4.0" xmlns="http://schemas.microsoft.com/developer/msbuild/2003">
  <ItemGroup>
    <ClCompile Include="App\app.cpp">
      <Filter>API</Filter>
    </ClCompile>
    <ClCompile Include="App\main.cpp">
      <Filter>API</Filter>
    </ClCompile>
    <ClCompile Include="stdafx.cpp">
      <Filter>API</Filter>
    </ClCompile>
    <ClCompile Include="App\SimpleSprite.cpp">
      <Filter>API</Filter>
    </ClCompile>
    <ClCompile Include="App\SimpleSound.cpp">
      <Filter>API</Filter>
    </ClCompile>
    <ClCompile Include="App\SimpleController.cpp">
      <Filter>API</Filter>
    </ClCompile>
    <ClCompile Include="App\TextureLoader.cpp">
      <Filter>API</Filter>
    </ClCompile>
    <ClCompile Include="Source\Actor.cpp" />
    <ClCompile Include="Source\Button.cpp" />
    <ClCompile Include="Source\Candle.cpp" />
    <ClCompile Include="Source\CandlePuzzle.cpp" />
    <ClCompile Include="Source\Character.cpp" />
    <ClCompile Include="Source\Collectable.cpp" />
    <ClCompile Include="Source\Collision.cpp" />
    <ClCompile Include="Source\Controller.cpp" />
    <ClCompile Include="Source\Dialogues.cpp" />
    <ClCompile Include="Source\DodgePuzzle.cpp" />
    <ClCompile Include="Source\Entrance.cpp" />
    <ClCompile Include="Source\GameState.cpp" />
    <ClCompile Include="Source\Hall.cpp" />
    <ClCompile Include="Source\Intro.cpp" />
    <ClCompile Include="Source\Inventory.cpp" />
    <ClCompile Include="Source\Kitchen.cpp" />
    <ClCompile Include="Source\Library.cpp" />
    <ClCompile Include="Source\Mirror.cpp" />
    <ClCompile Include="Source\MirrorPuzzle.cpp" />
    <ClCompile Include="Source\MirrorShard.cpp" />
    <ClCompile Include="Source\Models.cpp" />
    <ClCompile Include="Source\NPC.cpp" />
    <ClCompile Include="Source\ObjectController.cpp" />
    <ClCompile Include="Source\Outro.cpp" />
    <ClCompile Include="Source\Page.cpp" />
    <ClCompile Include="Source\Player.cpp" />
    <ClCompile Include="Source\PlayerController.cpp" />
    <ClCompile Include="Source\Puzzle.cpp" />
    <ClCompile Include="Source\Room.cpp" />
    <ClCompile Include="Source\Scene.cpp" />
    <ClCompile Include="Source\StateController.cpp" />
    <ClCompile Include="Source\StateDialogue.cpp" />
    <ClCompile Include="Source\StateInventory.cpp" />
    <ClCompile Include="Source\StateRegular.cpp" />
    <ClCompile Include="Source\TPPuzzle.cpp" />
    <ClCompile Include="Source\Trigger.cpp" />
    <ClCompile Include="Source\TriggerAnimation.cpp" />
    <ClCompile Include="Source\TriggerDialogue.cpp" />
    <ClCompile Include="Source\TriggerScene.cpp" />
    <ClCompile Include="Source\Vector2D.cpp" />
    <ClCompile Include="GameTest.cpp" />
  </ItemGroup>
  <ItemGroup>
    <ClInclude Include="App\app.h">
      <Filter>API</Filter>
    </ClInclude>
    <ClInclude Include="App\AppSettings.h">
      <Filter>API</Filter>
    </ClInclude>
    <ClInclude Include="App\main.h">
      <Filter>API</Filter>
    </ClInclude>
    <ClInclude Include="targetver.h">
      <Filter>API</Filter>
    </ClInclude>
    <ClInclude Include="stdafx.h">
      <Filter>API</Filter>
    </ClInclude>
    <ClInclude Include="App\SimpleSprite.h">
      <Filter>API</Filter>
    </ClInclude>
    <ClInclude Include="App\SimpleSound.h">
      <Filter>API</Filter>
    </ClInclude>
    <ClInclude Include="App\SimpleController.h">
      <Filter>API</Filter>
    </ClInclude>
    <ClInclude Include="App\TextureLoader.h">
      <Filter>API</Filter>
    </ClInclude>
    <ClInclude Include="Source\Actor.h" />
    <ClInclude Include="Source\Button.h" />
    <ClInclude Include="Source\Candle.h" />
    <ClInclude Include="Source\CandlePuzzle.h" />
    <ClInclude Include="Source\Character.h" />
    <ClInclude Include="Source\Collectable.h" />
    <ClInclude Include="Source\Collision.h" />
    <ClInclude Include="Source\Controller.h" />
    <ClInclude Include="Source\Dialogues.h" />
    <ClInclude Include="Source\DodgePuzzle.h" />
    <ClInclude Include="Source\ECollider.h" />
    <ClInclude Include="Source\EDirection.h" />
    <ClInclude Include="Source\EMobility.h" />
    <ClInclude Include="Source\Entrance.h" />
    <ClInclude Include="Source\EState.h" />
    <ClInclude Include="Source\EStatus.h" />
    <ClInclude Include="Source\GameState.h" />
    <ClInclude Include="Source\Hall.h" />
    <ClInclude Include="Source\ICollectable.h" />
    <ClInclude Include="Source\IDialogue.h" />
    <ClInclude Include="Source\IInteractive.h" />
    <ClInclude Include="Source\Intro.h" />
    <ClInclude Include="Source\Inventory.h" />
    <ClInclude Include="Source\Kitchen.h" />
    <ClInclude Include="Source\Library.h" />
    <ClInclude Include="Source\Mirror.h" />
    <ClInclude Include="Source\MirrorPuzzle.h" />
    <ClInclude Include="Source\MirrorShard.h" />
    <ClInclude Include="Source\Models.h" />
    <ClInclude Include="Source\NPC.h" />
    <ClInclude Include="Source\ObjectController.h" />
    <ClInclude Include="Source\Outro.h" />
    <ClInclude Include="Source\Page.h" />
    <ClInclude Include="Source\Player.h" />
    <ClInclude Include="Source\PlayerController.h" />
    <ClInclude Include="Source\Puzzle.h" />
    <ClInclude Include="Source\Room.h" />
    <ClInclude Include="Source\Scene.h" />
    <ClInclude Include="Source\StateController.h" />
    <ClInclude Include="Source\StateDialogue.h" />
    <ClInclude Include="Source\StateInventory.h" />
    <ClInclude Include="Source\StateRegular.h" />
    <ClInclude Include="Source\TPPuzzle.h" />
    <ClInclude Include="Source\Trigger.h" />
    <ClInclude Include="Source\TriggerAnimation.h" />
    <ClInclude Include="Source\TriggerDialogue.h" />
    <ClInclude Include="Source\TriggerScene.h" />
    <ClInclude Include="Source\Utilities.h" />
    <ClInclude Include="Source\Vector2D.h" />
  </ItemGroup>
  <ItemGroup>
    <Filter Include="API">
      <UniqueIdentifier>{3e1485bf-3449-4966-8760-976ee866544b}</UniqueIdentifier>
    </Filter>
  </ItemGroup>
  <ItemGroup>
    <None Include="ClassDiagram.cd" />
  </ItemGroup>
</Project>