<?xml version="1.0" encoding="utf-8"?>
<Project ToolsVersion="4.0" xmlns="http://schemas.microsoft.com/developer/msbuild/2003">
  <ItemGroup>
    <ClCompile Include="App\app.cpp">
      <Filter>API</Filter>
    </ClCompile>
    <ClCompile Include="App\main.cpp">
      <Filter>API</Filter>
    </ClCompile>
    <ClCompile Include="stdafx.cpp">
      <Filter>API</Filter>
    </ClCompile>
    <ClCompile Include="App\SimpleSprite.cpp">
      <Filter>API</Filter>
    </ClCompile>
    <ClCompile Include="App\SimpleSound.cpp">
      <Filter>API</Filter>
    </ClCompile>
    <ClCompile Include="App\SimpleController.cpp">
      <Filter>API</Filter>
    </ClCompile>
    <ClCompile Include="App\TextureLoader.cpp">
      <Filter>API</Filter>
    </ClCompile>
    <ClCompile Include="Source\Actors\Actor.cpp" />
    <ClCompile Include="Source\Actors\Buttons\Button.cpp" />
    <ClCompile Include="Source\Actors\Candles\Candle.cpp" />
    <ClCompile Include="Source\Actors\Characters\Character.cpp" />
    <ClCompile Include="Source\Actors\Characters\NPC.cpp" />
    <ClCompile Include="Source\Actors\Characters\Player.cpp" />
    <ClCompile Include="Source\Actors\Collectibles\Collectable.cpp" />
    <ClCompile Include="Source\Actors\Collectibles\MirrorShard.cpp" />
    <ClCompile Include="Source\Actors\Collectibles\Page.cpp" />
    <ClCompile Include="Source\Actors\Mirrors\Mirror.cpp" />
    <ClCompile Include="Source\Actors\Triggers\Trigger.cpp" />
    <ClCompile Include="Source\Actors\Triggers\TriggerAnimation.cpp" />
    <ClCompile Include="Source\Actors\Triggers\TriggerDialogue.cpp" />
    <ClCompile Include="Source\Actors\Triggers\TriggerScene.cpp" />
    <ClCompile Include="Source\Components\Inventory\Inventory.cpp" />
    <ClCompile Include="Source\Components\Physics2D\Collision.cpp" />
    <ClCompile Include="Source\Controllers\Controller.cpp" />
    <ClCompile Include="Source\Controllers\ObjectController.cpp" />
    <ClCompile Include="Source\Controllers\PlayerController.cpp" />
    <ClCompile Include="Source\Scenes\Entrance.cpp" />
    <ClCompile Include="Source\Scenes\Hall.cpp" />
    <ClCompile Include="Source\Scenes\Intro.cpp" />
    <ClCompile Include="Source\Scenes\Kitchen.cpp" />
    <ClCompile Include="Source\Scenes\Library.cpp" />
    <ClCompile Include="Source\Scenes\Outro.cpp" />
    <ClCompile Include="Source\Scenes\Room.cpp" />
    <ClCompile Include="Source\Scenes\Scene.cpp" />
    <ClCompile Include="Source\Systems\Dialogues\Dialogues.cpp" />
    <ClCompile Include="Source\Systems\Puzzles\CandlePuzzle.cpp" />
    <ClCompile Include="Source\Systems\Puzzles\DodgePuzzle.cpp" />
    <ClCompile Include="Source\Systems\Puzzles\MirrorPuzzle.cpp" />
    <ClCompile Include="Source\Systems\Puzzles\Puzzle.cpp" />
    <ClCompile Include="Source\Systems\Puzzles\TPPuzzle.cpp" />
    <ClCompile Include="Source\Systems\States\GameState.cpp" />
    <ClCompile Include="Source\Systems\States\StateController.cpp" />
    <ClCompile Include="Source\Systems\States\StateDialogue.cpp" />
    <ClCompile Include="Source\Systems\States\StateInventory.cpp" />
    <ClCompile Include="Source\Systems\States\StateRegular.cpp" />
    <ClCompile Include="Source\Utilities\Maths\Vector2D.cpp" />
    <ClCompile Include="Source\Utilities\Models.cpp" />
    <ClCompile Include="GameTest.cpp" />
  </ItemGroup>
  <ItemGroup>
    <ClInclude Include="App\app.h">
      <Filter>API</Filter>
    </ClInclude>
    <ClInclude Include="App\AppSettings.h">
      <Filter>API</Filter>
    </ClInclude>
    <ClInclude Include="App\main.h">
      <Filter>API</Filter>
    </ClInclude>
    <ClInclude Include="targetver.h">
      <Filter>API</Filter>
    </ClInclude>
    <ClInclude Include="stdafx.h">
      <Filter>API</Filter>
    </ClInclude>
    <ClInclude Include="App\SimpleSprite.h">
      <Filter>API</Filter>
    </ClInclude>
    <ClInclude Include="App\SimpleSound.h">
      <Filter>API</Filter>
    </ClInclude>
    <ClInclude Include="App\SimpleController.h">
      <Filter>API</Filter>
    </ClInclude>
    <ClInclude Include="App\TextureLoader.h">
      <Filter>API</Filter>
    </ClInclude>
    <ClInclude Include="Source\Actors\Actor.h" />
    <ClInclude Include="Source\Actors\Buttons\Button.h" />
    <ClInclude Include="Source\Actors\Candles\Candle.h" />
    <ClInclude Include="Source\Actors\Characters\Character.h" />
    <ClInclude Include="Source\Actors\Characters\NPC.h" />
    <ClInclude Include="Source\Actors\Characters\Player.h" />
    <ClInclude Include="Source\Actors\Collectibles\Collectable.h" />
    <ClInclude Include="Source\Actors\Collectibles\MirrorShard.h" />
    <ClInclude Include="Source\Actors\Collectibles\Page.h" />
    <ClInclude Include="Source\Actors\Mirrors\Mirror.h" />
    <ClInclude Include="Source\Actors\Triggers\Trigger.h" />
    <ClInclude Include="Source\Actors\Triggers\TriggerAnimation.h" />
    <ClInclude Include="Source\Actors\Triggers\TriggerDialogue.h" />
    <ClInclude Include="Source\Actors\Triggers\TriggerScene.h" />
    <ClInclude Include="Source\Components\Inventory\Inventory.h" />
    <ClInclude Include="Source\Components\Physics2D\Collision.h" />
    <ClInclude Include="Source\Controllers\Controller.h" />
    <ClInclude Include="Source\Controllers\ObjectController.h" />
    <ClInclude Include="Source\Controllers\PlayerController.h" />
    <ClInclude Include="Source\Enums\ECollider.h" />
    <ClInclude Include="Source\Enums\EDirection.h" />
    <ClInclude Include="Source\Enums\EMobility.h" />
    <ClInclude Include="Source\Enums\EState.h" />
    <ClInclude Include="Source\Enums\EStatus.h" />
    <ClInclude Include="Source\Interfaces\ICollectable.h" />
    <ClInclude Include="Source\Interfaces\IDialogue.h" />
    <ClInclude Include="Source\Interfaces\IInteractive.h" />
    <ClInclude Include="Source\Scenes\Entrance.h" />
    <ClInclude Include="Source\Scenes\Hall.h" />
    <ClInclude Include="Source\Scenes\Intro.h" />
    <ClInclude Include="Source\Scenes\Kitchen.h" />
    <ClInclude Include="Source\Scenes\Library.h" />
    <ClInclude Include="Source\Scenes\Outro.h" />
    <ClInclude Include="Source\Scenes\Room.h" />
    <ClInclude Include="Source\Scenes\Scene.h" />
    <ClInclude Include="Source\Systems\Dialogues\Dialogues.h" />
    <ClInclude Include="Source\Systems\Puzzles\CandlePuzzle.h" />
    <ClInclude Include="Source\Systems\Puzzles\DodgePuzzle.h" />
    <ClInclude Include="Source\Systems\Puzzles\MirrorPuzzle.h" />
    <ClInclude Include="Source\Systems\Puzzles\Puzzle.h" />
    <ClInclude Include="Source\Systems\Puzzles\TPPuzzle.h" />
    <ClInclude Include="Source\Systems\States\GameState.h" />
    <ClInclude Include="Source\Systems\States\StateController.h" />
    <ClInclude Include="Source\Systems\States\StateDialogue.h" />
    <ClInclude Include="Source\Systems\States\StateInventory.h" />
    <ClInclude Include="Source\Systems\States\StateRegular.h" />
    <ClInclude Include="Source\Utilities\Maths\Vector2D.h" />
    <ClInclude Include="Source\Utilities\Models.h" />
    <ClInclude Include="Source\Utilities\Utilities.h" />
  </ItemGroup>
  <ItemGroup>
    <Filter Include="API">
      <UniqueIdentifier>{3e1485bf-3449-4966-8760-976ee866544b}</UniqueIdentifier>
    </Filter>
  </ItemGroup>
</Project>